
Microsoft Visual Studio Solution File, Format Version 12.00
# Visual Studio Version 17
VisualStudioVersion = 17.10.35004.147
MinimumVisualStudioVersion = 10.0.40219.1
Project("{8BC9CEB8-8B4A-11D0-8D11-00A0C91BC942}") = "bai3_Cac Phep TInh Co Ban", "bai3_Cac Phep TInh Co Ban.vcxproj", "{501A2708-B2A5-40C6-8796-05CEC1FD22CC}"
EndProject
Global
	GlobalSection(SolutionConfigurationPlatforms) = preSolution
		Debug|x64 = Debug|x64
		Debug|x86 = Debug|x86
		Release|x64 = Release|x64
		Release|x86 = Release|x86
	EndGlobalSection
	GlobalSection(ProjectConfigurationPlatforms) = postSolution
		{501A2708-B2A5-40C6-8796-05CEC1FD22CC}.Debug|x64.ActiveCfg = Debug|x64
		{501A2708-B2A5-40C6-8796-05CEC1FD22CC}.Debug|x64.Build.0 = Debug|x64
		{501A2708-B2A5-40C6-8796-05CEC1FD22CC}.Debug|x86.ActiveCfg = Debug|Win32
		{501A2708-B2A5-40C6-8796-05CEC1FD22CC}.Debug|x86.Build.0 = Debug|Win32
		{501A2708-B2A5-40C6-8796-05CEC1FD22CC}.Release|x64.ActiveCfg = Release|x64
		{501A2708-B2A5-40C6-8796-05CEC1FD22CC}.Release|x64.Build.0 = Release|x64
		{501A2708-B2A5-40C6-8796-05CEC1FD22CC}.Release|x86.ActiveCfg = Release|Win32
		{501A2708-B2A5-40C6-8796-05CEC1FD22CC}.Release|x86.Build.0 = Release|Win32
	EndGlobalSection
	GlobalSection(SolutionProperties) = preSolution
		HideSolutionNode = FALSE
	EndGlobalSection
	GlobalSection(ExtensibilityGlobals) = postSolution
		SolutionGuid = {CBFB617A-FF67-4488-9ACE-CEAA9C3054AB}
	EndGlobalSection
EndGlobal
